
Microsoft Visual Studio Solution File, Format Version 12.00
# Visual Studio Version 17
VisualStudioVersion = 17.11.35219.272
MinimumVisualStudioVersion = 10.0.40219.1
Project("{9A19103F-16F7-4668-BE54-9A1E7A4F7556}") = "scienide.Engine", "scienide.Engine\scienide.Engine.csproj", "{7B5F78E1-3202-4255-A0EF-65B0F34E48D4}"
EndProject
Project("{FAE04EC0-301F-11D3-BF4B-00C04F79EFBC}") = "scienide.Engine.UnitTests", "scienide.Engine.UnitTests\scienide.Engine.UnitTests.csproj", "{DE1ACC5A-853C-4A41-8577-44D3B4238E18}"
EndProject
Global
	GlobalSection(SolutionConfigurationPlatforms) = preSolution
		Debug|x64 = Debug|x64
		Release|x64 = Release|x64
	EndGlobalSection
	GlobalSection(ProjectConfigurationPlatforms) = postSolution
		{7B5F78E1-3202-4255-A0EF-65B0F34E48D4}.Debug|x64.ActiveCfg = Release|x64
		{7B5F78E1-3202-4255-A0EF-65B0F34E48D4}.Debug|x64.Build.0 = Release|x64
		{7B5F78E1-3202-4255-A0EF-65B0F34E48D4}.Release|x64.ActiveCfg = Release|x64
		{7B5F78E1-3202-4255-A0EF-65B0F34E48D4}.Release|x64.Build.0 = Release|x64
		{DE1ACC5A-853C-4A41-8577-44D3B4238E18}.Debug|x64.ActiveCfg = Release|x64
		{DE1ACC5A-853C-4A41-8577-44D3B4238E18}.Debug|x64.Build.0 = Release|x64
		{DE1ACC5A-853C-4A41-8577-44D3B4238E18}.Release|x64.ActiveCfg = Release|x64
		{DE1ACC5A-853C-4A41-8577-44D3B4238E18}.Release|x64.Build.0 = Release|x64
	EndGlobalSection
	GlobalSection(SolutionProperties) = preSolution
		HideSolutionNode = FALSE
	EndGlobalSection
	GlobalSection(ExtensibilityGlobals) = postSolution
		SolutionGuid = {E67DE49D-7147-4969-9CDF-537C04D7BF6B}
	EndGlobalSection
EndGlobal
