
Microsoft Visual Studio Solution File, Format Version 12.00
# Visual Studio Version 17
VisualStudioVersion = 17.11.35219.272
MinimumVisualStudioVersion = 10.0.40219.1
Project("{9A19103F-16F7-4668-BE54-9A1E7A4F7556}") = "scienide.Engine", "scienide.Engine\scienide.Engine.csproj", "{7B5F78E1-3202-4255-A0EF-65B0F34E48D4}"
EndProject
Project("{FAE04EC0-301F-11D3-BF4B-00C04F79EFBC}") = "scienide.Engine.UnitTests", "scienide.Engine.UnitTests\scienide.Engine.UnitTests.csproj", "{DE1ACC5A-853C-4A41-8577-44D3B4238E18}"
EndProject
Project("{FAE04EC0-301F-11D3-BF4B-00C04F79EFBC}") = "scienide.Runner", "scienide.Runner\scienide.Runner.csproj", "{18A1777B-CB29-4DDF-BFA9-C03B5FA03E42}"
EndProject
Project("{FAE04EC0-301F-11D3-BF4B-00C04F79EFBC}") = "SadConsole", "..\SadConsole\SadConsole\SadConsole.csproj", "{93B16E7F-45D2-42C0-8BBE-B2B503E4A671}"
EndProject
Project("{FAE04EC0-301F-11D3-BF4B-00C04F79EFBC}") = "scienide.UI", "scienide.UI\scienide.UI.csproj", "{30F91E14-C4F1-48CB-933D-2C27BF1F861E}"
EndProject
Project("{FAE04EC0-301F-11D3-BF4B-00C04F79EFBC}") = "scienide.Common", "scienide.Common\scienide.Common.csproj", "{5A3E780D-9AD7-4EB7-B466-114B3B6E8C3E}"
EndProject
Project("{FAE04EC0-301F-11D3-BF4B-00C04F79EFBC}") = "scienide.WaveFunctionCollapse", "scienide.WaveFunctionCollapse\scienide.WaveFunctionCollapse.csproj", "{D2392648-BE1B-4EF2-8FE7-566FD0BD59A8}"
EndProject
Project("{FAE04EC0-301F-11D3-BF4B-00C04F79EFBC}") = "WFCSampleGenerator", "WFCSampleGenerator\WFCSampleGenerator.csproj", "{2AE4CE05-209A-40FA-9C05-0764979111E3}"
EndProject
Project("{FAE04EC0-301F-11D3-BF4B-00C04F79EFBC}") = "scienide.Playground", "scienide.Playground\scienide.Playground.csproj", "{B71B3A16-199A-4CE0-AF8B-96978853734B}"
EndProject
Project("{FAE04EC0-301F-11D3-BF4B-00C04F79EFBC}") = "scienide.Common.UnitTests", "scienide.Common.UnitTests\scienide.Common.UnitTests.csproj", "{067D25B4-0790-457B-BBA7-F662B194B58A}"
EndProject
Global
	GlobalSection(SolutionConfigurationPlatforms) = preSolution
		Debug|Any CPU = Debug|Any CPU
		Debug|x64 = Debug|x64
		Release|Any CPU = Release|Any CPU
		Release|x64 = Release|x64
	EndGlobalSection
	GlobalSection(ProjectConfigurationPlatforms) = postSolution
		{7B5F78E1-3202-4255-A0EF-65B0F34E48D4}.Debug|Any CPU.ActiveCfg = Debug|x64
		{7B5F78E1-3202-4255-A0EF-65B0F34E48D4}.Debug|Any CPU.Build.0 = Debug|x64
		{7B5F78E1-3202-4255-A0EF-65B0F34E48D4}.Debug|x64.ActiveCfg = Debug|x64
		{7B5F78E1-3202-4255-A0EF-65B0F34E48D4}.Debug|x64.Build.0 = Debug|x64
		{7B5F78E1-3202-4255-A0EF-65B0F34E48D4}.Release|Any CPU.ActiveCfg = Release|x64
		{7B5F78E1-3202-4255-A0EF-65B0F34E48D4}.Release|Any CPU.Build.0 = Release|x64
		{7B5F78E1-3202-4255-A0EF-65B0F34E48D4}.Release|x64.ActiveCfg = Release|x64
		{7B5F78E1-3202-4255-A0EF-65B0F34E48D4}.Release|x64.Build.0 = Release|x64
		{DE1ACC5A-853C-4A41-8577-44D3B4238E18}.Debug|Any CPU.ActiveCfg = Debug|x64
		{DE1ACC5A-853C-4A41-8577-44D3B4238E18}.Debug|Any CPU.Build.0 = Debug|x64
		{DE1ACC5A-853C-4A41-8577-44D3B4238E18}.Debug|x64.ActiveCfg = Debug|x64
		{DE1ACC5A-853C-4A41-8577-44D3B4238E18}.Debug|x64.Build.0 = Debug|x64
		{DE1ACC5A-853C-4A41-8577-44D3B4238E18}.Release|Any CPU.ActiveCfg = Release|x64
		{DE1ACC5A-853C-4A41-8577-44D3B4238E18}.Release|Any CPU.Build.0 = Release|x64
		{DE1ACC5A-853C-4A41-8577-44D3B4238E18}.Release|x64.ActiveCfg = Release|x64
		{DE1ACC5A-853C-4A41-8577-44D3B4238E18}.Release|x64.Build.0 = Release|x64
		{18A1777B-CB29-4DDF-BFA9-C03B5FA03E42}.Debug|Any CPU.ActiveCfg = Debug|x64
		{18A1777B-CB29-4DDF-BFA9-C03B5FA03E42}.Debug|x64.ActiveCfg = Debug|x64
		{18A1777B-CB29-4DDF-BFA9-C03B5FA03E42}.Debug|x64.Build.0 = Debug|x64
		{18A1777B-CB29-4DDF-BFA9-C03B5FA03E42}.Release|Any CPU.ActiveCfg = Release|x64
		{18A1777B-CB29-4DDF-BFA9-C03B5FA03E42}.Release|x64.ActiveCfg = Release|x64
		{18A1777B-CB29-4DDF-BFA9-C03B5FA03E42}.Release|x64.Build.0 = Release|x64
		{93B16E7F-45D2-42C0-8BBE-B2B503E4A671}.Debug|Any CPU.ActiveCfg = Debug|Any CPU
		{93B16E7F-45D2-42C0-8BBE-B2B503E4A671}.Debug|Any CPU.Build.0 = Debug|Any CPU
		{93B16E7F-45D2-42C0-8BBE-B2B503E4A671}.Debug|x64.ActiveCfg = Debug|Any CPU
		{93B16E7F-45D2-42C0-8BBE-B2B503E4A671}.Debug|x64.Build.0 = Debug|Any CPU
		{93B16E7F-45D2-42C0-8BBE-B2B503E4A671}.Release|Any CPU.ActiveCfg = Release|Any CPU
		{93B16E7F-45D2-42C0-8BBE-B2B503E4A671}.Release|Any CPU.Build.0 = Release|Any CPU
		{93B16E7F-45D2-42C0-8BBE-B2B503E4A671}.Release|x64.ActiveCfg = Release|Any CPU
		{93B16E7F-45D2-42C0-8BBE-B2B503E4A671}.Release|x64.Build.0 = Release|Any CPU
		{30F91E14-C4F1-48CB-933D-2C27BF1F861E}.Debug|Any CPU.ActiveCfg = Debug|Any CPU
		{30F91E14-C4F1-48CB-933D-2C27BF1F861E}.Debug|Any CPU.Build.0 = Debug|Any CPU
		{30F91E14-C4F1-48CB-933D-2C27BF1F861E}.Debug|x64.ActiveCfg = Debug|x64
		{30F91E14-C4F1-48CB-933D-2C27BF1F861E}.Debug|x64.Build.0 = Debug|x64
		{30F91E14-C4F1-48CB-933D-2C27BF1F861E}.Release|Any CPU.ActiveCfg = Release|Any CPU
		{30F91E14-C4F1-48CB-933D-2C27BF1F861E}.Release|Any CPU.Build.0 = Release|Any CPU
		{30F91E14-C4F1-48CB-933D-2C27BF1F861E}.Release|x64.ActiveCfg = Release|x64
		{30F91E14-C4F1-48CB-933D-2C27BF1F861E}.Release|x64.Build.0 = Release|x64
		{5A3E780D-9AD7-4EB7-B466-114B3B6E8C3E}.Debug|Any CPU.ActiveCfg = Debug|Any CPU
		{5A3E780D-9AD7-4EB7-B466-114B3B6E8C3E}.Debug|Any CPU.Build.0 = Debug|Any CPU
		{5A3E780D-9AD7-4EB7-B466-114B3B6E8C3E}.Debug|x64.ActiveCfg = Debug|x64
		{5A3E780D-9AD7-4EB7-B466-114B3B6E8C3E}.Debug|x64.Build.0 = Debug|x64
		{5A3E780D-9AD7-4EB7-B466-114B3B6E8C3E}.Release|Any CPU.ActiveCfg = Release|Any CPU
		{5A3E780D-9AD7-4EB7-B466-114B3B6E8C3E}.Release|Any CPU.Build.0 = Release|Any CPU
		{5A3E780D-9AD7-4EB7-B466-114B3B6E8C3E}.Release|x64.ActiveCfg = Release|x64
		{5A3E780D-9AD7-4EB7-B466-114B3B6E8C3E}.Release|x64.Build.0 = Release|x64
		{D2392648-BE1B-4EF2-8FE7-566FD0BD59A8}.Debug|Any CPU.ActiveCfg = Debug|Any CPU
		{D2392648-BE1B-4EF2-8FE7-566FD0BD59A8}.Debug|Any CPU.Build.0 = Debug|Any CPU
		{D2392648-BE1B-4EF2-8FE7-566FD0BD59A8}.Debug|x64.ActiveCfg = Debug|x64
		{D2392648-BE1B-4EF2-8FE7-566FD0BD59A8}.Debug|x64.Build.0 = Debug|x64
		{D2392648-BE1B-4EF2-8FE7-566FD0BD59A8}.Release|Any CPU.ActiveCfg = Release|Any CPU
		{D2392648-BE1B-4EF2-8FE7-566FD0BD59A8}.Release|Any CPU.Build.0 = Release|Any CPU
		{D2392648-BE1B-4EF2-8FE7-566FD0BD59A8}.Release|x64.ActiveCfg = Release|x64
		{D2392648-BE1B-4EF2-8FE7-566FD0BD59A8}.Release|x64.Build.0 = Release|x64
		{2AE4CE05-209A-40FA-9C05-0764979111E3}.Debug|Any CPU.ActiveCfg = Debug|Any CPU
		{2AE4CE05-209A-40FA-9C05-0764979111E3}.Debug|Any CPU.Build.0 = Debug|Any CPU
		{2AE4CE05-209A-40FA-9C05-0764979111E3}.Debug|x64.ActiveCfg = Debug|x64
		{2AE4CE05-209A-40FA-9C05-0764979111E3}.Debug|x64.Build.0 = Debug|x64
		{2AE4CE05-209A-40FA-9C05-0764979111E3}.Release|Any CPU.ActiveCfg = Release|Any CPU
		{2AE4CE05-209A-40FA-9C05-0764979111E3}.Release|Any CPU.Build.0 = Release|Any CPU
		{2AE4CE05-209A-40FA-9C05-0764979111E3}.Release|x64.ActiveCfg = Release|x64
		{2AE4CE05-209A-40FA-9C05-0764979111E3}.Release|x64.Build.0 = Release|x64
		{B71B3A16-199A-4CE0-AF8B-96978853734B}.Debug|Any CPU.ActiveCfg = Debug|Any CPU
		{B71B3A16-199A-4CE0-AF8B-96978853734B}.Debug|Any CPU.Build.0 = Debug|Any CPU
		{B71B3A16-199A-4CE0-AF8B-96978853734B}.Debug|x64.ActiveCfg = Debug|x64
		{B71B3A16-199A-4CE0-AF8B-96978853734B}.Debug|x64.Build.0 = Debug|x64
		{B71B3A16-199A-4CE0-AF8B-96978853734B}.Release|Any CPU.ActiveCfg = Release|Any CPU
		{B71B3A16-199A-4CE0-AF8B-96978853734B}.Release|Any CPU.Build.0 = Release|Any CPU
		{B71B3A16-199A-4CE0-AF8B-96978853734B}.Release|x64.ActiveCfg = Release|x64
		{B71B3A16-199A-4CE0-AF8B-96978853734B}.Release|x64.Build.0 = Release|x64
		{067D25B4-0790-457B-BBA7-F662B194B58A}.Debug|Any CPU.ActiveCfg = Debug|Any CPU
		{067D25B4-0790-457B-BBA7-F662B194B58A}.Debug|Any CPU.Build.0 = Debug|Any CPU
		{067D25B4-0790-457B-BBA7-F662B194B58A}.Debug|x64.ActiveCfg = Debug|x64
		{067D25B4-0790-457B-BBA7-F662B194B58A}.Debug|x64.Build.0 = Debug|x64
		{067D25B4-0790-457B-BBA7-F662B194B58A}.Release|Any CPU.ActiveCfg = Release|Any CPU
		{067D25B4-0790-457B-BBA7-F662B194B58A}.Release|Any CPU.Build.0 = Release|Any CPU
		{067D25B4-0790-457B-BBA7-F662B194B58A}.Release|x64.ActiveCfg = Release|Any CPU
		{067D25B4-0790-457B-BBA7-F662B194B58A}.Release|x64.Build.0 = Release|Any CPU
	EndGlobalSection
	GlobalSection(SolutionProperties) = preSolution
		HideSolutionNode = FALSE
	EndGlobalSection
	GlobalSection(ExtensibilityGlobals) = postSolution
		SolutionGuid = {E67DE49D-7147-4969-9CDF-537C04D7BF6B}
	EndGlobalSection
EndGlobal
